
Microsoft Visual Studio Solution File, Format Version 12.00
# Visual Studio Version 16
VisualStudioVersion = 25.0.1706.6
MinimumVisualStudioVersion = 10.0.40219.1
Project("{FAE04EC0-301F-11D3-BF4B-00C04F79EFBC}") = "CommunityCalendar", "CommunityCalendar\CommunityCalendar.csproj", "{A66B73AD-5F7B-4426-A38F-AE25C93E66A1}"
EndProject
Project("{FAE04EC0-301F-11D3-BF4B-00C04F79EFBC}") = "CommunityCalendar.Tests", "CommunityCalendar.Tests\CommunityCalendar.Tests.csproj", "{6560BFF8-8ED8-45A9-9CFB-407A70A7E217}"
EndProject
Global
	GlobalSection(SolutionConfigurationPlatforms) = preSolution
		Debug|Any CPU = Debug|Any CPU
		Release|Any CPU = Release|Any CPU
	EndGlobalSection
	GlobalSection(ProjectConfigurationPlatforms) = postSolution
		{A66B73AD-5F7B-4426-A38F-AE25C93E66A1}.Debug|Any CPU.ActiveCfg = Debug|Any CPU
		{A66B73AD-5F7B-4426-A38F-AE25C93E66A1}.Debug|Any CPU.Build.0 = Debug|Any CPU
		{A66B73AD-5F7B-4426-A38F-AE25C93E66A1}.Release|Any CPU.ActiveCfg = Release|Any CPU
		{A66B73AD-5F7B-4426-A38F-AE25C93E66A1}.Release|Any CPU.Build.0 = Release|Any CPU
		{6560BFF8-8ED8-45A9-9CFB-407A70A7E217}.Debug|Any CPU.ActiveCfg = Debug|Any CPU
		{6560BFF8-8ED8-45A9-9CFB-407A70A7E217}.Debug|Any CPU.Build.0 = Debug|Any CPU
		{6560BFF8-8ED8-45A9-9CFB-407A70A7E217}.Release|Any CPU.ActiveCfg = Release|Any CPU
		{6560BFF8-8ED8-45A9-9CFB-407A70A7E217}.Release|Any CPU.Build.0 = Release|Any CPU
	EndGlobalSection
	GlobalSection(SolutionProperties) = preSolution
		HideSolutionNode = FALSE
	EndGlobalSection
	GlobalSection(ExtensibilityGlobals) = postSolution
		SolutionGuid = {52EB1156-7249-4947-BF15-1B76AA1DF724}
	EndGlobalSection
EndGlobal
